
Microsoft Visual Studio Solution File, Format Version 12.00
# Visual Studio 14
VisualStudioVersion = 14.0.25420.1
MinimumVisualStudioVersion = 10.0.40219.1
Project("{FAE04EC0-301F-11D3-BF4B-00C04F79EFBC}") = "InnoTym.Data", "InnoTym\InnoTym.Data.csproj", "{CB1B27EA-627A-4606-9671-701B357B1B72}"
EndProject
Project("{FAE04EC0-301F-11D3-BF4B-00C04F79EFBC}") = "InnoTym.Api", "InnoTym.Api\InnoTym.Api.csproj", "{2507DF65-AD4B-4978-B68E-557AEC5F2384}"
EndProject
Project("{FAE04EC0-301F-11D3-BF4B-00C04F79EFBC}") = "InnoTym.Web", "InnoTym.Web\InnoTym.Web.csproj", "{0694A4B1-97CE-4A9E-9D10-E995FC157A8B}"
EndProject
Global
	GlobalSection(SolutionConfigurationPlatforms) = preSolution
		Debug|Any CPU = Debug|Any CPU
		Release|Any CPU = Release|Any CPU
	EndGlobalSection
	GlobalSection(ProjectConfigurationPlatforms) = postSolution
		{CB1B27EA-627A-4606-9671-701B357B1B72}.Debug|Any CPU.ActiveCfg = Debug|Any CPU
		{CB1B27EA-627A-4606-9671-701B357B1B72}.Debug|Any CPU.Build.0 = Debug|Any CPU
		{CB1B27EA-627A-4606-9671-701B357B1B72}.Release|Any CPU.ActiveCfg = Release|Any CPU
		{CB1B27EA-627A-4606-9671-701B357B1B72}.Release|Any CPU.Build.0 = Release|Any CPU
		{2507DF65-AD4B-4978-B68E-557AEC5F2384}.Debug|Any CPU.ActiveCfg = Debug|Any CPU
		{2507DF65-AD4B-4978-B68E-557AEC5F2384}.Debug|Any CPU.Build.0 = Debug|Any CPU
		{2507DF65-AD4B-4978-B68E-557AEC5F2384}.Release|Any CPU.ActiveCfg = Release|Any CPU
		{2507DF65-AD4B-4978-B68E-557AEC5F2384}.Release|Any CPU.Build.0 = Release|Any CPU
		{0694A4B1-97CE-4A9E-9D10-E995FC157A8B}.Debug|Any CPU.ActiveCfg = Debug|Any CPU
		{0694A4B1-97CE-4A9E-9D10-E995FC157A8B}.Debug|Any CPU.Build.0 = Debug|Any CPU
		{0694A4B1-97CE-4A9E-9D10-E995FC157A8B}.Release|Any CPU.ActiveCfg = Release|Any CPU
		{0694A4B1-97CE-4A9E-9D10-E995FC157A8B}.Release|Any CPU.Build.0 = Release|Any CPU
	EndGlobalSection
	GlobalSection(SolutionProperties) = preSolution
		HideSolutionNode = FALSE
	EndGlobalSection
EndGlobal
